<?xml version="1.0" encoding="utf-8"?>
<Project ToolsVersion="4.0" xmlns="http://schemas.microsoft.com/developer/msbuild/2003">
  <ItemGroup>
    <Filter Include="HoloEngine">
      <UniqueIdentifier>{AD99D68F-9951-18DD-0259-F138EE2FB3CD}</UniqueIdentifier>
    </Filter>
  </ItemGroup>
  <ItemGroup>
    <ClInclude Include="src\HoloEngine.h" />
    <ClInclude Include="src\HoloEngine\Application.h">
      <Filter>HoloEngine</Filter>
    </ClInclude>
    <ClInclude Include="src\HoloEngine\Core.h">
      <Filter>HoloEngine</Filter>
    </ClInclude>
    <ClInclude Include="src\HoloEngine\EntryPoint.h">
      <Filter>HoloEngine</Filter>
    </ClInclude>
    <ClInclude Include="src\HoloEngine\Log.h">
      <Filter>HoloEngine</Filter>
    </ClInclude>
  </ItemGroup>
  <ItemGroup>
    <ClCompile Include="src\HoloEngine\Application.cpp">
      <Filter>HoloEngine</Filter>
    </ClCompile>
    <ClCompile Include="src\HoloEngine\Log.cpp">
      <Filter>HoloEngine</Filter>
    </ClCompile>
  </ItemGroup>
</Project>